
Microsoft Visual Studio Solution File, Format Version 11.00
# Visual Studio 2010
Project("{FAE04EC0-301F-11D3-BF4B-00C04F79EFBC}") = "Unity-AR", "Assembly-CSharp.csproj", "{D7811722-CE96-BD2D-4A28-05C4B882C12B}"
EndProject
Project("{FAE04EC0-301F-11D3-BF4B-00C04F79EFBC}") = "Unity-AR", "Assembly-CSharp-Editor.csproj", "{618494A1-0038-9EB9-71DF-1DD95EC976C9}"
EndProject
Global
	GlobalSection(SolutionConfigurationPlatforms) = preSolution
		Debug|Any CPU = Debug|Any CPU
		Release|Any CPU = Release|Any CPU
	EndGlobalSection
	GlobalSection(ProjectConfigurationPlatforms) = postSolution
		{D7811722-CE96-BD2D-4A28-05C4B882C12B}.Debug|Any CPU.ActiveCfg = Debug|Any CPU
		{D7811722-CE96-BD2D-4A28-05C4B882C12B}.Debug|Any CPU.Build.0 = Debug|Any CPU
		{D7811722-CE96-BD2D-4A28-05C4B882C12B}.Release|Any CPU.ActiveCfg = Release|Any CPU
		{D7811722-CE96-BD2D-4A28-05C4B882C12B}.Release|Any CPU.Build.0 = Release|Any CPU
		{618494A1-0038-9EB9-71DF-1DD95EC976C9}.Debug|Any CPU.ActiveCfg = Debug|Any CPU
		{618494A1-0038-9EB9-71DF-1DD95EC976C9}.Debug|Any CPU.Build.0 = Debug|Any CPU
		{618494A1-0038-9EB9-71DF-1DD95EC976C9}.Release|Any CPU.ActiveCfg = Release|Any CPU
		{618494A1-0038-9EB9-71DF-1DD95EC976C9}.Release|Any CPU.Build.0 = Release|Any CPU
	EndGlobalSection
	GlobalSection(SolutionProperties) = preSolution
		HideSolutionNode = FALSE
	EndGlobalSection
	GlobalSection(MonoDevelopProperties) = preSolution
		StartupItem = Assembly-CSharp.csproj
	EndGlobalSection
EndGlobal
